
Microsoft Visual Studio Solution File, Format Version 12.00
Project("{FAE04EC0-301F-11D3-BF4B-00C04F79EFBC}") = "AppLaunch.Core", "AppLaunch.Core\AppLaunch.Core.csproj", "{1170A5B7-A85E-401F-8516-C211DC7999F7}"
EndProject
Global
	GlobalSection(SolutionConfigurationPlatforms) = preSolution
		Debug|Any CPU = Debug|Any CPU
		Release|Any CPU = Release|Any CPU
	EndGlobalSection
	GlobalSection(ProjectConfigurationPlatforms) = postSolution
		{1170A5B7-A85E-401F-8516-C211DC7999F7}.Debug|Any CPU.ActiveCfg = Debug|Any CPU
		{1170A5B7-A85E-401F-8516-C211DC7999F7}.Debug|Any CPU.Build.0 = Debug|Any CPU
		{1170A5B7-A85E-401F-8516-C211DC7999F7}.Release|Any CPU.ActiveCfg = Release|Any CPU
		{1170A5B7-A85E-401F-8516-C211DC7999F7}.Release|Any CPU.Build.0 = Release|Any CPU
	EndGlobalSection
EndGlobal
